{
  "lockfile_version": "1",
  "packages": {
    "mill@latest": {
      "last_modified": "2024-08-04T20:22:49Z",
      "resolved": "github:NixOS/nixpkgs/785feb91183a50959823ff9ba9ef673105259cd5#mill",
      "source": "devbox-search",
      "version": "0.11.10",
      "systems": {
        "aarch64-darwin": {
          "outputs": [
            {
              "name": "out",
              "path": "/nix/store/0vyfakjfg3x0m0g8nklimkkx051hd9sg-mill-0.11.10",
              "default": true
            }
          ],
          "store_path": "/nix/store/0vyfakjfg3x0m0g8nklimkkx051hd9sg-mill-0.11.10"
        },
        "aarch64-linux": {
          "outputs": [
            {
              "name": "out",
              "path": "/nix/store/6wgdch30g0c54vjh6yz87ncvlz2m8av3-mill-0.11.10",
              "default": true
            }
          ],
          "store_path": "/nix/store/6wgdch30g0c54vjh6yz87ncvlz2m8av3-mill-0.11.10"
        },
        "x86_64-darwin": {
          "outputs": [
            {
              "name": "out",
              "path": "/nix/store/bdkdy5gwpk7r2kqy13dcawsj42nsbgf2-mill-0.11.10",
              "default": true
            }
          ],
          "store_path": "/nix/store/bdkdy5gwpk7r2kqy13dcawsj42nsbgf2-mill-0.11.10"
        },
        "x86_64-linux": {
          "outputs": [
            {
              "name": "out",
              "path": "/nix/store/ygg1lmyp8vjgl2779dyxi9f9igkmdav6-mill-0.11.10",
              "default": true
            }
          ],
          "store_path": "/nix/store/ygg1lmyp8vjgl2779dyxi9f9igkmdav6-mill-0.11.10"
        }
      }
    },
    "scalafmt@latest": {
      "last_modified": "2024-07-07T07:43:47Z",
      "resolved": "github:NixOS/nixpkgs/b60793b86201040d9dee019a05089a9150d08b5b#scalafmt",
      "source": "devbox-search",
      "version": "3.7.17",
      "systems": {
        "aarch64-darwin": {
          "outputs": [
            {
              "name": "out",
              "path": "/nix/store/zxq4mpsl3df0q9d8nanni9ww9h4067rb-scalafmt-3.7.17",
              "default": true
            }
          ],
          "store_path": "/nix/store/zxq4mpsl3df0q9d8nanni9ww9h4067rb-scalafmt-3.7.17"
        },
        "aarch64-linux": {
          "outputs": [
            {
              "name": "out",
              "path": "/nix/store/906ip4rcphnnsagv2k64f0mr51m7nyg3-scalafmt-3.7.17",
              "default": true
            }
          ],
          "store_path": "/nix/store/906ip4rcphnnsagv2k64f0mr51m7nyg3-scalafmt-3.7.17"
        },
        "x86_64-darwin": {
          "outputs": [
            {
              "name": "out",
              "path": "/nix/store/8f4xbh5i96dwgs7ang0z5nc9yh7miq0p-scalafmt-3.7.17",
              "default": true
            }
          ],
          "store_path": "/nix/store/8f4xbh5i96dwgs7ang0z5nc9yh7miq0p-scalafmt-3.7.17"
        },
        "x86_64-linux": {
          "outputs": [
            {
              "name": "out",
              "path": "/nix/store/5bq4j4diclfls5n86hhprrjq97ghc417-scalafmt-3.7.17",
              "default": true
            }
          ],
          "store_path": "/nix/store/5bq4j4diclfls5n86hhprrjq97ghc417-scalafmt-3.7.17"
        }
      }
    }
  }
}
